
Microsoft Visual Studio Solution File, Format Version 12.00
# Visual Studio 15
VisualStudioVersion = 15.0.27703.2042
MinimumVisualStudioVersion = 10.0.40219.1
Project("{FAE04EC0-301F-11D3-BF4B-00C04F79EFBC}") = "HandlingErrors", "HandlingErrors\HandlingErrors.csproj", "{26030144-8AB6-45A0-8BDA-D2B78A82555F}"
EndProject
Global
	GlobalSection(SolutionConfigurationPlatforms) = preSolution
		Debug|Any CPU = Debug|Any CPU
		Release|Any CPU = Release|Any CPU
	EndGlobalSection
	GlobalSection(ProjectConfigurationPlatforms) = postSolution
		{26030144-8AB6-45A0-8BDA-D2B78A82555F}.Debug|Any CPU.ActiveCfg = Debug|Any CPU
		{26030144-8AB6-45A0-8BDA-D2B78A82555F}.Debug|Any CPU.Build.0 = Debug|Any CPU
		{26030144-8AB6-45A0-8BDA-D2B78A82555F}.Release|Any CPU.ActiveCfg = Release|Any CPU
		{26030144-8AB6-45A0-8BDA-D2B78A82555F}.Release|Any CPU.Build.0 = Release|Any CPU
	EndGlobalSection
	GlobalSection(SolutionProperties) = preSolution
		HideSolutionNode = FALSE
	EndGlobalSection
	GlobalSection(ExtensibilityGlobals) = postSolution
		SolutionGuid = {ECA08AB8-B1E8-498C-BF01-2B9E0D8BC16A}
	EndGlobalSection
EndGlobal
