
Microsoft Visual Studio Solution File, Format Version 12.00
# Visual Studio 15
VisualStudioVersion = 15.0.26124.0
MinimumVisualStudioVersion = 15.0.26124.0
Project("{2150E333-8FDC-42A3-9474-1A3956D46DE8}") = "01-intro", "01-intro", "{E4F04B7C-275A-4145-B0B0-5D48BB1A17FF}"
EndProject
Project("{FAE04EC0-301F-11D3-BF4B-00C04F79EFBC}") = "HelloWorld", "01-intro\HelloWorld\HelloWorld.csproj", "{C84AF916-312D-415B-BF11-FACB7C39ABE6}"
EndProject
Project("{2150E333-8FDC-42A3-9474-1A3956D46DE8}") = "02-variables-and-calculations", "02-variables-and-calculations", "{D6CDA255-84DD-44E0-BBE6-913D7130FCDD}"
EndProject
Project("{FAE04EC0-301F-11D3-BF4B-00C04F79EFBC}") = "Variables", "02-variables-and-calculations\Variables\Variables.csproj", "{765A6C19-2B0D-49D9-B47D-6D4A91B38A38}"
EndProject
Project("{FAE04EC0-301F-11D3-BF4B-00C04F79EFBC}") = "DataTypes", "02-variables-and-calculations\DataTypes\DataTypes.csproj", "{2ED8318D-A396-4928-8A08-9C25E5F90261}"
EndProject
Project("{FAE04EC0-301F-11D3-BF4B-00C04F79EFBC}") = "Calculations", "02-variables-and-calculations\Calculations\Calculations.csproj", "{BCC0C206-5AA4-4E5B-8348-36A6BBB7DD2C}"
EndProject
Project("{2150E333-8FDC-42A3-9474-1A3956D46DE8}") = "03-debugging", "03-debugging", "{8368082C-2321-4AE8-9171-8B7A2F71AB76}"
EndProject
Project("{FAE04EC0-301F-11D3-BF4B-00C04F79EFBC}") = "Debugging", "03-debugging\Debugging\Debugging.csproj", "{7FC8DD41-AEAB-42FD-A18E-991B9DA20D8A}"
EndProject
Project("{FAE04EC0-301F-11D3-BF4B-00C04F79EFBC}") = "OperatorsAndOperands", "02-variables-and-calculations\OperatorsAndOperands\OperatorsAndOperands.csproj", "{B9ACC3E7-449F-48DB-8534-A8816CAEE175}"
EndProject
Global
	GlobalSection(SolutionConfigurationPlatforms) = preSolution
		Debug|Any CPU = Debug|Any CPU
		Debug|x64 = Debug|x64
		Debug|x86 = Debug|x86
		Release|Any CPU = Release|Any CPU
		Release|x64 = Release|x64
		Release|x86 = Release|x86
	EndGlobalSection
	GlobalSection(SolutionProperties) = preSolution
		HideSolutionNode = FALSE
	EndGlobalSection
	GlobalSection(ProjectConfigurationPlatforms) = postSolution
		{C84AF916-312D-415B-BF11-FACB7C39ABE6}.Debug|Any CPU.ActiveCfg = Debug|Any CPU
		{C84AF916-312D-415B-BF11-FACB7C39ABE6}.Debug|Any CPU.Build.0 = Debug|Any CPU
		{C84AF916-312D-415B-BF11-FACB7C39ABE6}.Debug|x64.ActiveCfg = Debug|Any CPU
		{C84AF916-312D-415B-BF11-FACB7C39ABE6}.Debug|x64.Build.0 = Debug|Any CPU
		{C84AF916-312D-415B-BF11-FACB7C39ABE6}.Debug|x86.ActiveCfg = Debug|Any CPU
		{C84AF916-312D-415B-BF11-FACB7C39ABE6}.Debug|x86.Build.0 = Debug|Any CPU
		{C84AF916-312D-415B-BF11-FACB7C39ABE6}.Release|Any CPU.ActiveCfg = Release|Any CPU
		{C84AF916-312D-415B-BF11-FACB7C39ABE6}.Release|Any CPU.Build.0 = Release|Any CPU
		{C84AF916-312D-415B-BF11-FACB7C39ABE6}.Release|x64.ActiveCfg = Release|Any CPU
		{C84AF916-312D-415B-BF11-FACB7C39ABE6}.Release|x64.Build.0 = Release|Any CPU
		{C84AF916-312D-415B-BF11-FACB7C39ABE6}.Release|x86.ActiveCfg = Release|Any CPU
		{C84AF916-312D-415B-BF11-FACB7C39ABE6}.Release|x86.Build.0 = Release|Any CPU
		{765A6C19-2B0D-49D9-B47D-6D4A91B38A38}.Debug|Any CPU.ActiveCfg = Debug|Any CPU
		{765A6C19-2B0D-49D9-B47D-6D4A91B38A38}.Debug|Any CPU.Build.0 = Debug|Any CPU
		{765A6C19-2B0D-49D9-B47D-6D4A91B38A38}.Debug|x64.ActiveCfg = Debug|Any CPU
		{765A6C19-2B0D-49D9-B47D-6D4A91B38A38}.Debug|x64.Build.0 = Debug|Any CPU
		{765A6C19-2B0D-49D9-B47D-6D4A91B38A38}.Debug|x86.ActiveCfg = Debug|Any CPU
		{765A6C19-2B0D-49D9-B47D-6D4A91B38A38}.Debug|x86.Build.0 = Debug|Any CPU
		{765A6C19-2B0D-49D9-B47D-6D4A91B38A38}.Release|Any CPU.ActiveCfg = Release|Any CPU
		{765A6C19-2B0D-49D9-B47D-6D4A91B38A38}.Release|Any CPU.Build.0 = Release|Any CPU
		{765A6C19-2B0D-49D9-B47D-6D4A91B38A38}.Release|x64.ActiveCfg = Release|Any CPU
		{765A6C19-2B0D-49D9-B47D-6D4A91B38A38}.Release|x64.Build.0 = Release|Any CPU
		{765A6C19-2B0D-49D9-B47D-6D4A91B38A38}.Release|x86.ActiveCfg = Release|Any CPU
		{765A6C19-2B0D-49D9-B47D-6D4A91B38A38}.Release|x86.Build.0 = Release|Any CPU
		{2ED8318D-A396-4928-8A08-9C25E5F90261}.Debug|Any CPU.ActiveCfg = Debug|Any CPU
		{2ED8318D-A396-4928-8A08-9C25E5F90261}.Debug|Any CPU.Build.0 = Debug|Any CPU
		{2ED8318D-A396-4928-8A08-9C25E5F90261}.Debug|x64.ActiveCfg = Debug|Any CPU
		{2ED8318D-A396-4928-8A08-9C25E5F90261}.Debug|x64.Build.0 = Debug|Any CPU
		{2ED8318D-A396-4928-8A08-9C25E5F90261}.Debug|x86.ActiveCfg = Debug|Any CPU
		{2ED8318D-A396-4928-8A08-9C25E5F90261}.Debug|x86.Build.0 = Debug|Any CPU
		{2ED8318D-A396-4928-8A08-9C25E5F90261}.Release|Any CPU.ActiveCfg = Release|Any CPU
		{2ED8318D-A396-4928-8A08-9C25E5F90261}.Release|Any CPU.Build.0 = Release|Any CPU
		{2ED8318D-A396-4928-8A08-9C25E5F90261}.Release|x64.ActiveCfg = Release|Any CPU
		{2ED8318D-A396-4928-8A08-9C25E5F90261}.Release|x64.Build.0 = Release|Any CPU
		{2ED8318D-A396-4928-8A08-9C25E5F90261}.Release|x86.ActiveCfg = Release|Any CPU
		{2ED8318D-A396-4928-8A08-9C25E5F90261}.Release|x86.Build.0 = Release|Any CPU
		{BCC0C206-5AA4-4E5B-8348-36A6BBB7DD2C}.Debug|Any CPU.ActiveCfg = Debug|Any CPU
		{BCC0C206-5AA4-4E5B-8348-36A6BBB7DD2C}.Debug|Any CPU.Build.0 = Debug|Any CPU
		{BCC0C206-5AA4-4E5B-8348-36A6BBB7DD2C}.Debug|x64.ActiveCfg = Debug|Any CPU
		{BCC0C206-5AA4-4E5B-8348-36A6BBB7DD2C}.Debug|x64.Build.0 = Debug|Any CPU
		{BCC0C206-5AA4-4E5B-8348-36A6BBB7DD2C}.Debug|x86.ActiveCfg = Debug|Any CPU
		{BCC0C206-5AA4-4E5B-8348-36A6BBB7DD2C}.Debug|x86.Build.0 = Debug|Any CPU
		{BCC0C206-5AA4-4E5B-8348-36A6BBB7DD2C}.Release|Any CPU.ActiveCfg = Release|Any CPU
		{BCC0C206-5AA4-4E5B-8348-36A6BBB7DD2C}.Release|Any CPU.Build.0 = Release|Any CPU
		{BCC0C206-5AA4-4E5B-8348-36A6BBB7DD2C}.Release|x64.ActiveCfg = Release|Any CPU
		{BCC0C206-5AA4-4E5B-8348-36A6BBB7DD2C}.Release|x64.Build.0 = Release|Any CPU
		{BCC0C206-5AA4-4E5B-8348-36A6BBB7DD2C}.Release|x86.ActiveCfg = Release|Any CPU
		{BCC0C206-5AA4-4E5B-8348-36A6BBB7DD2C}.Release|x86.Build.0 = Release|Any CPU
		{7FC8DD41-AEAB-42FD-A18E-991B9DA20D8A}.Debug|Any CPU.ActiveCfg = Debug|Any CPU
		{7FC8DD41-AEAB-42FD-A18E-991B9DA20D8A}.Debug|Any CPU.Build.0 = Debug|Any CPU
		{7FC8DD41-AEAB-42FD-A18E-991B9DA20D8A}.Debug|x64.ActiveCfg = Debug|Any CPU
		{7FC8DD41-AEAB-42FD-A18E-991B9DA20D8A}.Debug|x64.Build.0 = Debug|Any CPU
		{7FC8DD41-AEAB-42FD-A18E-991B9DA20D8A}.Debug|x86.ActiveCfg = Debug|Any CPU
		{7FC8DD41-AEAB-42FD-A18E-991B9DA20D8A}.Debug|x86.Build.0 = Debug|Any CPU
		{7FC8DD41-AEAB-42FD-A18E-991B9DA20D8A}.Release|Any CPU.ActiveCfg = Release|Any CPU
		{7FC8DD41-AEAB-42FD-A18E-991B9DA20D8A}.Release|Any CPU.Build.0 = Release|Any CPU
		{7FC8DD41-AEAB-42FD-A18E-991B9DA20D8A}.Release|x64.ActiveCfg = Release|Any CPU
		{7FC8DD41-AEAB-42FD-A18E-991B9DA20D8A}.Release|x64.Build.0 = Release|Any CPU
		{7FC8DD41-AEAB-42FD-A18E-991B9DA20D8A}.Release|x86.ActiveCfg = Release|Any CPU
		{7FC8DD41-AEAB-42FD-A18E-991B9DA20D8A}.Release|x86.Build.0 = Release|Any CPU
		{B9ACC3E7-449F-48DB-8534-A8816CAEE175}.Debug|Any CPU.ActiveCfg = Debug|Any CPU
		{B9ACC3E7-449F-48DB-8534-A8816CAEE175}.Debug|Any CPU.Build.0 = Debug|Any CPU
		{B9ACC3E7-449F-48DB-8534-A8816CAEE175}.Debug|x64.ActiveCfg = Debug|Any CPU
		{B9ACC3E7-449F-48DB-8534-A8816CAEE175}.Debug|x64.Build.0 = Debug|Any CPU
		{B9ACC3E7-449F-48DB-8534-A8816CAEE175}.Debug|x86.ActiveCfg = Debug|Any CPU
		{B9ACC3E7-449F-48DB-8534-A8816CAEE175}.Debug|x86.Build.0 = Debug|Any CPU
		{B9ACC3E7-449F-48DB-8534-A8816CAEE175}.Release|Any CPU.ActiveCfg = Release|Any CPU
		{B9ACC3E7-449F-48DB-8534-A8816CAEE175}.Release|Any CPU.Build.0 = Release|Any CPU
		{B9ACC3E7-449F-48DB-8534-A8816CAEE175}.Release|x64.ActiveCfg = Release|Any CPU
		{B9ACC3E7-449F-48DB-8534-A8816CAEE175}.Release|x64.Build.0 = Release|Any CPU
		{B9ACC3E7-449F-48DB-8534-A8816CAEE175}.Release|x86.ActiveCfg = Release|Any CPU
		{B9ACC3E7-449F-48DB-8534-A8816CAEE175}.Release|x86.Build.0 = Release|Any CPU
	EndGlobalSection
	GlobalSection(NestedProjects) = preSolution
		{C84AF916-312D-415B-BF11-FACB7C39ABE6} = {E4F04B7C-275A-4145-B0B0-5D48BB1A17FF}
		{765A6C19-2B0D-49D9-B47D-6D4A91B38A38} = {D6CDA255-84DD-44E0-BBE6-913D7130FCDD}
		{2ED8318D-A396-4928-8A08-9C25E5F90261} = {D6CDA255-84DD-44E0-BBE6-913D7130FCDD}
		{BCC0C206-5AA4-4E5B-8348-36A6BBB7DD2C} = {D6CDA255-84DD-44E0-BBE6-913D7130FCDD}
		{7FC8DD41-AEAB-42FD-A18E-991B9DA20D8A} = {8368082C-2321-4AE8-9171-8B7A2F71AB76}
		{B9ACC3E7-449F-48DB-8534-A8816CAEE175} = {D6CDA255-84DD-44E0-BBE6-913D7130FCDD}
	EndGlobalSection
EndGlobal
