
Microsoft Visual Studio Solution File, Format Version 12.00
# Visual Studio 15
VisualStudioVersion = 15.0.26124.0
MinimumVisualStudioVersion = 15.0.26124.0
Project("{2150E333-8FDC-42A3-9474-1A3956D46DE8}") = "01-intro", "01-intro", "{E4F04B7C-275A-4145-B0B0-5D48BB1A17FF}"
EndProject
Project("{9A19103F-16F7-4668-BE54-9A1E7A4F7556}") = "HelloWorld", "01-intro\HelloWorld\HelloWorld.csproj", "{C84AF916-312D-415B-BF11-FACB7C39ABE6}"
EndProject
Project("{2150E333-8FDC-42A3-9474-1A3956D46DE8}") = "02-variables-and-calculations", "02-variables-and-calculations", "{D6CDA255-84DD-44E0-BBE6-913D7130FCDD}"
EndProject
Project("{9A19103F-16F7-4668-BE54-9A1E7A4F7556}") = "Variables", "02-variables-and-calculations\Variables\Variables.csproj", "{765A6C19-2B0D-49D9-B47D-6D4A91B38A38}"
EndProject
Project("{9A19103F-16F7-4668-BE54-9A1E7A4F7556}") = "DataTypes", "02-variables-and-calculations\DataTypes\DataTypes.csproj", "{2ED8318D-A396-4928-8A08-9C25E5F90261}"
EndProject
Project("{9A19103F-16F7-4668-BE54-9A1E7A4F7556}") = "Calculations", "02-variables-and-calculations\Calculations\Calculations.csproj", "{BCC0C206-5AA4-4E5B-8348-36A6BBB7DD2C}"
EndProject
Project("{2150E333-8FDC-42A3-9474-1A3956D46DE8}") = "03-debugging", "03-debugging", "{8368082C-2321-4AE8-9171-8B7A2F71AB76}"
EndProject
Project("{9A19103F-16F7-4668-BE54-9A1E7A4F7556}") = "Debugging", "03-debugging\Debugging\Debugging.csproj", "{7FC8DD41-AEAB-42FD-A18E-991B9DA20D8A}"
EndProject
Project("{9A19103F-16F7-4668-BE54-9A1E7A4F7556}") = "OperatorsAndOperands", "02-variables-and-calculations\OperatorsAndOperands\OperatorsAndOperands.csproj", "{B9ACC3E7-449F-48DB-8534-A8816CAEE175}"
EndProject
Project("{2150E333-8FDC-42A3-9474-1A3956D46DE8}") = "04-scope", "04-scope", "{C4972E01-EC0C-4768-BEAF-1D0BB87D0827}"
EndProject
Project("{9A19103F-16F7-4668-BE54-9A1E7A4F7556}") = "Scoping", "04-scope\Scoping\Scoping.csproj", "{107E62F1-1E69-4984-8511-5834298D51B2}"
EndProject
Project("{2150E333-8FDC-42A3-9474-1A3956D46DE8}") = "05-strings", "05-strings", "{67E1C1D3-9F74-4A9D-A073-EE418D91C870}"
EndProject
Project("{9A19103F-16F7-4668-BE54-9A1E7A4F7556}") = "StringTheory", "05-strings\StringTheory\StringTheory.csproj", "{AA117667-DE8D-45A8-9FF9-69C3BE6C5DE0}"
EndProject
Project("{9A19103F-16F7-4668-BE54-9A1E7A4F7556}") = "FormattingStrings", "05-strings\FormattingStrings\FormattingStrings.csproj", "{35ECC7E3-499B-40E9-B421-75819963FFF0}"
EndProject
Project("{9A19103F-16F7-4668-BE54-9A1E7A4F7556}") = "TimesAndSeasons", "06-dates-and-times\TimesAndSeasons\TimesAndSeasons.csproj", "{60D78C51-012B-419E-A5AB-910ACCAAA4D7}"
EndProject
Project("{2150E333-8FDC-42A3-9474-1A3956D46DE8}") = "06-dates-and-times", "06-dates-and-times", "{2479D59A-1048-4789-BE65-7AD5DB260CCD}"
EndProject
Project("{2150E333-8FDC-42A3-9474-1A3956D46DE8}") = "07-arrays-and-collections", "07-arrays-and-collections", "{A208BB8F-40FE-4725-88B5-BBEB37A10C35}"
EndProject
Project("{FAE04EC0-301F-11D3-BF4B-00C04F79EFBC}") = "Collections", "07-arrays-and-collections\Collections\Collections.csproj", "{62CCF232-ADE1-47F6-8D9F-BFC23761C9AF}"
EndProject
Project("{FAE04EC0-301F-11D3-BF4B-00C04F79EFBC}") = "Arrays", "07-arrays-and-collections\Arrays\Arrays.csproj", "{EFF9A993-D0F7-4E92-A73F-A79EF5CF0D24}"
EndProject
Project("{2150E333-8FDC-42A3-9474-1A3956D46DE8}") = "08-enumerations-and-structures", "08-enumerations-and-structures", "{0B904AEB-390C-41DA-8736-A93484E7F094}"
EndProject
Project("{FAE04EC0-301F-11D3-BF4B-00C04F79EFBC}") = "Enums", "08-enumerations-and-structures\Enums\Enums.csproj", "{2B9944EB-06A9-4193-B98F-0FC82888FDE0}"
EndProject
Project("{FAE04EC0-301F-11D3-BF4B-00C04F79EFBC}") = "Structs", "08-enumerations-and-structures\Structs\Structs.csproj", "{407410E3-100C-4159-9D82-FBF82B7CDD60}"
EndProject
Project("{2150E333-8FDC-42A3-9474-1A3956D46DE8}") = "14-defining-classes", "14-defining-classes", "{795E8A95-B039-4CC5-A9DC-0E41A6E84DA0}"
EndProject
Project("{FAE04EC0-301F-11D3-BF4B-00C04F79EFBC}") = "ClassyFeeling", "14-defining-classes\ClassyFeeling\ClassyFeeling.csproj", "{5FC95A40-847D-4C0E-8DD6-D47CF194F538}"
EndProject
Project("{2150E333-8FDC-42A3-9474-1A3956D46DE8}") = "12-handling-errors", "12-handling-errors", "{4A6E42E6-0D9F-443C-B02A-48CC15A7B8AC}"
EndProject
Project("{FAE04EC0-301F-11D3-BF4B-00C04F79EFBC}") = "HandlingErrors", "12-handling-errors\HandlingErrors\HandlingErrors.csproj", "{C1BD0AFD-9150-4CCC-BB5A-D570D19BE4A7}"
EndProject
Global
	GlobalSection(SolutionConfigurationPlatforms) = preSolution
		Debug|Any CPU = Debug|Any CPU
		Debug|x64 = Debug|x64
		Debug|x86 = Debug|x86
		Release|Any CPU = Release|Any CPU
		Release|x64 = Release|x64
		Release|x86 = Release|x86
	EndGlobalSection
	GlobalSection(ProjectConfigurationPlatforms) = postSolution
		{C84AF916-312D-415B-BF11-FACB7C39ABE6}.Debug|Any CPU.ActiveCfg = Debug|Any CPU
		{C84AF916-312D-415B-BF11-FACB7C39ABE6}.Debug|Any CPU.Build.0 = Debug|Any CPU
		{C84AF916-312D-415B-BF11-FACB7C39ABE6}.Debug|x64.ActiveCfg = Debug|Any CPU
		{C84AF916-312D-415B-BF11-FACB7C39ABE6}.Debug|x64.Build.0 = Debug|Any CPU
		{C84AF916-312D-415B-BF11-FACB7C39ABE6}.Debug|x86.ActiveCfg = Debug|Any CPU
		{C84AF916-312D-415B-BF11-FACB7C39ABE6}.Debug|x86.Build.0 = Debug|Any CPU
		{C84AF916-312D-415B-BF11-FACB7C39ABE6}.Release|Any CPU.ActiveCfg = Release|Any CPU
		{C84AF916-312D-415B-BF11-FACB7C39ABE6}.Release|Any CPU.Build.0 = Release|Any CPU
		{C84AF916-312D-415B-BF11-FACB7C39ABE6}.Release|x64.ActiveCfg = Release|Any CPU
		{C84AF916-312D-415B-BF11-FACB7C39ABE6}.Release|x64.Build.0 = Release|Any CPU
		{C84AF916-312D-415B-BF11-FACB7C39ABE6}.Release|x86.ActiveCfg = Release|Any CPU
		{C84AF916-312D-415B-BF11-FACB7C39ABE6}.Release|x86.Build.0 = Release|Any CPU
		{765A6C19-2B0D-49D9-B47D-6D4A91B38A38}.Debug|Any CPU.ActiveCfg = Debug|Any CPU
		{765A6C19-2B0D-49D9-B47D-6D4A91B38A38}.Debug|Any CPU.Build.0 = Debug|Any CPU
		{765A6C19-2B0D-49D9-B47D-6D4A91B38A38}.Debug|x64.ActiveCfg = Debug|Any CPU
		{765A6C19-2B0D-49D9-B47D-6D4A91B38A38}.Debug|x64.Build.0 = Debug|Any CPU
		{765A6C19-2B0D-49D9-B47D-6D4A91B38A38}.Debug|x86.ActiveCfg = Debug|Any CPU
		{765A6C19-2B0D-49D9-B47D-6D4A91B38A38}.Debug|x86.Build.0 = Debug|Any CPU
		{765A6C19-2B0D-49D9-B47D-6D4A91B38A38}.Release|Any CPU.ActiveCfg = Release|Any CPU
		{765A6C19-2B0D-49D9-B47D-6D4A91B38A38}.Release|Any CPU.Build.0 = Release|Any CPU
		{765A6C19-2B0D-49D9-B47D-6D4A91B38A38}.Release|x64.ActiveCfg = Release|Any CPU
		{765A6C19-2B0D-49D9-B47D-6D4A91B38A38}.Release|x64.Build.0 = Release|Any CPU
		{765A6C19-2B0D-49D9-B47D-6D4A91B38A38}.Release|x86.ActiveCfg = Release|Any CPU
		{765A6C19-2B0D-49D9-B47D-6D4A91B38A38}.Release|x86.Build.0 = Release|Any CPU
		{2ED8318D-A396-4928-8A08-9C25E5F90261}.Debug|Any CPU.ActiveCfg = Debug|Any CPU
		{2ED8318D-A396-4928-8A08-9C25E5F90261}.Debug|Any CPU.Build.0 = Debug|Any CPU
		{2ED8318D-A396-4928-8A08-9C25E5F90261}.Debug|x64.ActiveCfg = Debug|Any CPU
		{2ED8318D-A396-4928-8A08-9C25E5F90261}.Debug|x64.Build.0 = Debug|Any CPU
		{2ED8318D-A396-4928-8A08-9C25E5F90261}.Debug|x86.ActiveCfg = Debug|Any CPU
		{2ED8318D-A396-4928-8A08-9C25E5F90261}.Debug|x86.Build.0 = Debug|Any CPU
		{2ED8318D-A396-4928-8A08-9C25E5F90261}.Release|Any CPU.ActiveCfg = Release|Any CPU
		{2ED8318D-A396-4928-8A08-9C25E5F90261}.Release|Any CPU.Build.0 = Release|Any CPU
		{2ED8318D-A396-4928-8A08-9C25E5F90261}.Release|x64.ActiveCfg = Release|Any CPU
		{2ED8318D-A396-4928-8A08-9C25E5F90261}.Release|x64.Build.0 = Release|Any CPU
		{2ED8318D-A396-4928-8A08-9C25E5F90261}.Release|x86.ActiveCfg = Release|Any CPU
		{2ED8318D-A396-4928-8A08-9C25E5F90261}.Release|x86.Build.0 = Release|Any CPU
		{BCC0C206-5AA4-4E5B-8348-36A6BBB7DD2C}.Debug|Any CPU.ActiveCfg = Debug|Any CPU
		{BCC0C206-5AA4-4E5B-8348-36A6BBB7DD2C}.Debug|Any CPU.Build.0 = Debug|Any CPU
		{BCC0C206-5AA4-4E5B-8348-36A6BBB7DD2C}.Debug|x64.ActiveCfg = Debug|Any CPU
		{BCC0C206-5AA4-4E5B-8348-36A6BBB7DD2C}.Debug|x64.Build.0 = Debug|Any CPU
		{BCC0C206-5AA4-4E5B-8348-36A6BBB7DD2C}.Debug|x86.ActiveCfg = Debug|Any CPU
		{BCC0C206-5AA4-4E5B-8348-36A6BBB7DD2C}.Debug|x86.Build.0 = Debug|Any CPU
		{BCC0C206-5AA4-4E5B-8348-36A6BBB7DD2C}.Release|Any CPU.ActiveCfg = Release|Any CPU
		{BCC0C206-5AA4-4E5B-8348-36A6BBB7DD2C}.Release|Any CPU.Build.0 = Release|Any CPU
		{BCC0C206-5AA4-4E5B-8348-36A6BBB7DD2C}.Release|x64.ActiveCfg = Release|Any CPU
		{BCC0C206-5AA4-4E5B-8348-36A6BBB7DD2C}.Release|x64.Build.0 = Release|Any CPU
		{BCC0C206-5AA4-4E5B-8348-36A6BBB7DD2C}.Release|x86.ActiveCfg = Release|Any CPU
		{BCC0C206-5AA4-4E5B-8348-36A6BBB7DD2C}.Release|x86.Build.0 = Release|Any CPU
		{7FC8DD41-AEAB-42FD-A18E-991B9DA20D8A}.Debug|Any CPU.ActiveCfg = Debug|Any CPU
		{7FC8DD41-AEAB-42FD-A18E-991B9DA20D8A}.Debug|Any CPU.Build.0 = Debug|Any CPU
		{7FC8DD41-AEAB-42FD-A18E-991B9DA20D8A}.Debug|x64.ActiveCfg = Debug|Any CPU
		{7FC8DD41-AEAB-42FD-A18E-991B9DA20D8A}.Debug|x64.Build.0 = Debug|Any CPU
		{7FC8DD41-AEAB-42FD-A18E-991B9DA20D8A}.Debug|x86.ActiveCfg = Debug|Any CPU
		{7FC8DD41-AEAB-42FD-A18E-991B9DA20D8A}.Debug|x86.Build.0 = Debug|Any CPU
		{7FC8DD41-AEAB-42FD-A18E-991B9DA20D8A}.Release|Any CPU.ActiveCfg = Release|Any CPU
		{7FC8DD41-AEAB-42FD-A18E-991B9DA20D8A}.Release|Any CPU.Build.0 = Release|Any CPU
		{7FC8DD41-AEAB-42FD-A18E-991B9DA20D8A}.Release|x64.ActiveCfg = Release|Any CPU
		{7FC8DD41-AEAB-42FD-A18E-991B9DA20D8A}.Release|x64.Build.0 = Release|Any CPU
		{7FC8DD41-AEAB-42FD-A18E-991B9DA20D8A}.Release|x86.ActiveCfg = Release|Any CPU
		{7FC8DD41-AEAB-42FD-A18E-991B9DA20D8A}.Release|x86.Build.0 = Release|Any CPU
		{B9ACC3E7-449F-48DB-8534-A8816CAEE175}.Debug|Any CPU.ActiveCfg = Debug|Any CPU
		{B9ACC3E7-449F-48DB-8534-A8816CAEE175}.Debug|Any CPU.Build.0 = Debug|Any CPU
		{B9ACC3E7-449F-48DB-8534-A8816CAEE175}.Debug|x64.ActiveCfg = Debug|Any CPU
		{B9ACC3E7-449F-48DB-8534-A8816CAEE175}.Debug|x64.Build.0 = Debug|Any CPU
		{B9ACC3E7-449F-48DB-8534-A8816CAEE175}.Debug|x86.ActiveCfg = Debug|Any CPU
		{B9ACC3E7-449F-48DB-8534-A8816CAEE175}.Debug|x86.Build.0 = Debug|Any CPU
		{B9ACC3E7-449F-48DB-8534-A8816CAEE175}.Release|Any CPU.ActiveCfg = Release|Any CPU
		{B9ACC3E7-449F-48DB-8534-A8816CAEE175}.Release|Any CPU.Build.0 = Release|Any CPU
		{B9ACC3E7-449F-48DB-8534-A8816CAEE175}.Release|x64.ActiveCfg = Release|Any CPU
		{B9ACC3E7-449F-48DB-8534-A8816CAEE175}.Release|x64.Build.0 = Release|Any CPU
		{B9ACC3E7-449F-48DB-8534-A8816CAEE175}.Release|x86.ActiveCfg = Release|Any CPU
		{B9ACC3E7-449F-48DB-8534-A8816CAEE175}.Release|x86.Build.0 = Release|Any CPU
		{107E62F1-1E69-4984-8511-5834298D51B2}.Debug|Any CPU.ActiveCfg = Debug|Any CPU
		{107E62F1-1E69-4984-8511-5834298D51B2}.Debug|Any CPU.Build.0 = Debug|Any CPU
		{107E62F1-1E69-4984-8511-5834298D51B2}.Debug|x64.ActiveCfg = Debug|Any CPU
		{107E62F1-1E69-4984-8511-5834298D51B2}.Debug|x64.Build.0 = Debug|Any CPU
		{107E62F1-1E69-4984-8511-5834298D51B2}.Debug|x86.ActiveCfg = Debug|Any CPU
		{107E62F1-1E69-4984-8511-5834298D51B2}.Debug|x86.Build.0 = Debug|Any CPU
		{107E62F1-1E69-4984-8511-5834298D51B2}.Release|Any CPU.ActiveCfg = Release|Any CPU
		{107E62F1-1E69-4984-8511-5834298D51B2}.Release|Any CPU.Build.0 = Release|Any CPU
		{107E62F1-1E69-4984-8511-5834298D51B2}.Release|x64.ActiveCfg = Release|Any CPU
		{107E62F1-1E69-4984-8511-5834298D51B2}.Release|x64.Build.0 = Release|Any CPU
		{107E62F1-1E69-4984-8511-5834298D51B2}.Release|x86.ActiveCfg = Release|Any CPU
		{107E62F1-1E69-4984-8511-5834298D51B2}.Release|x86.Build.0 = Release|Any CPU
		{AA117667-DE8D-45A8-9FF9-69C3BE6C5DE0}.Debug|Any CPU.ActiveCfg = Debug|Any CPU
		{AA117667-DE8D-45A8-9FF9-69C3BE6C5DE0}.Debug|Any CPU.Build.0 = Debug|Any CPU
		{AA117667-DE8D-45A8-9FF9-69C3BE6C5DE0}.Debug|x64.ActiveCfg = Debug|Any CPU
		{AA117667-DE8D-45A8-9FF9-69C3BE6C5DE0}.Debug|x64.Build.0 = Debug|Any CPU
		{AA117667-DE8D-45A8-9FF9-69C3BE6C5DE0}.Debug|x86.ActiveCfg = Debug|Any CPU
		{AA117667-DE8D-45A8-9FF9-69C3BE6C5DE0}.Debug|x86.Build.0 = Debug|Any CPU
		{AA117667-DE8D-45A8-9FF9-69C3BE6C5DE0}.Release|Any CPU.ActiveCfg = Release|Any CPU
		{AA117667-DE8D-45A8-9FF9-69C3BE6C5DE0}.Release|Any CPU.Build.0 = Release|Any CPU
		{AA117667-DE8D-45A8-9FF9-69C3BE6C5DE0}.Release|x64.ActiveCfg = Release|Any CPU
		{AA117667-DE8D-45A8-9FF9-69C3BE6C5DE0}.Release|x64.Build.0 = Release|Any CPU
		{AA117667-DE8D-45A8-9FF9-69C3BE6C5DE0}.Release|x86.ActiveCfg = Release|Any CPU
		{AA117667-DE8D-45A8-9FF9-69C3BE6C5DE0}.Release|x86.Build.0 = Release|Any CPU
		{35ECC7E3-499B-40E9-B421-75819963FFF0}.Debug|Any CPU.ActiveCfg = Debug|Any CPU
		{35ECC7E3-499B-40E9-B421-75819963FFF0}.Debug|Any CPU.Build.0 = Debug|Any CPU
		{35ECC7E3-499B-40E9-B421-75819963FFF0}.Debug|x64.ActiveCfg = Debug|Any CPU
		{35ECC7E3-499B-40E9-B421-75819963FFF0}.Debug|x64.Build.0 = Debug|Any CPU
		{35ECC7E3-499B-40E9-B421-75819963FFF0}.Debug|x86.ActiveCfg = Debug|Any CPU
		{35ECC7E3-499B-40E9-B421-75819963FFF0}.Debug|x86.Build.0 = Debug|Any CPU
		{35ECC7E3-499B-40E9-B421-75819963FFF0}.Release|Any CPU.ActiveCfg = Release|Any CPU
		{35ECC7E3-499B-40E9-B421-75819963FFF0}.Release|Any CPU.Build.0 = Release|Any CPU
		{35ECC7E3-499B-40E9-B421-75819963FFF0}.Release|x64.ActiveCfg = Release|Any CPU
		{35ECC7E3-499B-40E9-B421-75819963FFF0}.Release|x64.Build.0 = Release|Any CPU
		{35ECC7E3-499B-40E9-B421-75819963FFF0}.Release|x86.ActiveCfg = Release|Any CPU
		{35ECC7E3-499B-40E9-B421-75819963FFF0}.Release|x86.Build.0 = Release|Any CPU
		{60D78C51-012B-419E-A5AB-910ACCAAA4D7}.Debug|Any CPU.ActiveCfg = Debug|Any CPU
		{60D78C51-012B-419E-A5AB-910ACCAAA4D7}.Debug|Any CPU.Build.0 = Debug|Any CPU
		{60D78C51-012B-419E-A5AB-910ACCAAA4D7}.Debug|x64.ActiveCfg = Debug|Any CPU
		{60D78C51-012B-419E-A5AB-910ACCAAA4D7}.Debug|x64.Build.0 = Debug|Any CPU
		{60D78C51-012B-419E-A5AB-910ACCAAA4D7}.Debug|x86.ActiveCfg = Debug|Any CPU
		{60D78C51-012B-419E-A5AB-910ACCAAA4D7}.Debug|x86.Build.0 = Debug|Any CPU
		{60D78C51-012B-419E-A5AB-910ACCAAA4D7}.Release|Any CPU.ActiveCfg = Release|Any CPU
		{60D78C51-012B-419E-A5AB-910ACCAAA4D7}.Release|Any CPU.Build.0 = Release|Any CPU
		{60D78C51-012B-419E-A5AB-910ACCAAA4D7}.Release|x64.ActiveCfg = Release|Any CPU
		{60D78C51-012B-419E-A5AB-910ACCAAA4D7}.Release|x64.Build.0 = Release|Any CPU
		{60D78C51-012B-419E-A5AB-910ACCAAA4D7}.Release|x86.ActiveCfg = Release|Any CPU
		{60D78C51-012B-419E-A5AB-910ACCAAA4D7}.Release|x86.Build.0 = Release|Any CPU
		{62CCF232-ADE1-47F6-8D9F-BFC23761C9AF}.Debug|Any CPU.ActiveCfg = Debug|Any CPU
		{62CCF232-ADE1-47F6-8D9F-BFC23761C9AF}.Debug|Any CPU.Build.0 = Debug|Any CPU
		{62CCF232-ADE1-47F6-8D9F-BFC23761C9AF}.Debug|x64.ActiveCfg = Debug|Any CPU
		{62CCF232-ADE1-47F6-8D9F-BFC23761C9AF}.Debug|x64.Build.0 = Debug|Any CPU
		{62CCF232-ADE1-47F6-8D9F-BFC23761C9AF}.Debug|x86.ActiveCfg = Debug|Any CPU
		{62CCF232-ADE1-47F6-8D9F-BFC23761C9AF}.Debug|x86.Build.0 = Debug|Any CPU
		{62CCF232-ADE1-47F6-8D9F-BFC23761C9AF}.Release|Any CPU.ActiveCfg = Release|Any CPU
		{62CCF232-ADE1-47F6-8D9F-BFC23761C9AF}.Release|Any CPU.Build.0 = Release|Any CPU
		{62CCF232-ADE1-47F6-8D9F-BFC23761C9AF}.Release|x64.ActiveCfg = Release|Any CPU
		{62CCF232-ADE1-47F6-8D9F-BFC23761C9AF}.Release|x64.Build.0 = Release|Any CPU
		{62CCF232-ADE1-47F6-8D9F-BFC23761C9AF}.Release|x86.ActiveCfg = Release|Any CPU
		{62CCF232-ADE1-47F6-8D9F-BFC23761C9AF}.Release|x86.Build.0 = Release|Any CPU
		{EFF9A993-D0F7-4E92-A73F-A79EF5CF0D24}.Debug|Any CPU.ActiveCfg = Debug|Any CPU
		{EFF9A993-D0F7-4E92-A73F-A79EF5CF0D24}.Debug|Any CPU.Build.0 = Debug|Any CPU
		{EFF9A993-D0F7-4E92-A73F-A79EF5CF0D24}.Debug|x64.ActiveCfg = Debug|Any CPU
		{EFF9A993-D0F7-4E92-A73F-A79EF5CF0D24}.Debug|x64.Build.0 = Debug|Any CPU
		{EFF9A993-D0F7-4E92-A73F-A79EF5CF0D24}.Debug|x86.ActiveCfg = Debug|Any CPU
		{EFF9A993-D0F7-4E92-A73F-A79EF5CF0D24}.Debug|x86.Build.0 = Debug|Any CPU
		{EFF9A993-D0F7-4E92-A73F-A79EF5CF0D24}.Release|Any CPU.ActiveCfg = Release|Any CPU
		{EFF9A993-D0F7-4E92-A73F-A79EF5CF0D24}.Release|Any CPU.Build.0 = Release|Any CPU
		{EFF9A993-D0F7-4E92-A73F-A79EF5CF0D24}.Release|x64.ActiveCfg = Release|Any CPU
		{EFF9A993-D0F7-4E92-A73F-A79EF5CF0D24}.Release|x64.Build.0 = Release|Any CPU
		{EFF9A993-D0F7-4E92-A73F-A79EF5CF0D24}.Release|x86.ActiveCfg = Release|Any CPU
		{EFF9A993-D0F7-4E92-A73F-A79EF5CF0D24}.Release|x86.Build.0 = Release|Any CPU
		{2B9944EB-06A9-4193-B98F-0FC82888FDE0}.Debug|Any CPU.ActiveCfg = Debug|Any CPU
		{2B9944EB-06A9-4193-B98F-0FC82888FDE0}.Debug|Any CPU.Build.0 = Debug|Any CPU
		{2B9944EB-06A9-4193-B98F-0FC82888FDE0}.Debug|x64.ActiveCfg = Debug|Any CPU
		{2B9944EB-06A9-4193-B98F-0FC82888FDE0}.Debug|x64.Build.0 = Debug|Any CPU
		{2B9944EB-06A9-4193-B98F-0FC82888FDE0}.Debug|x86.ActiveCfg = Debug|Any CPU
		{2B9944EB-06A9-4193-B98F-0FC82888FDE0}.Debug|x86.Build.0 = Debug|Any CPU
		{2B9944EB-06A9-4193-B98F-0FC82888FDE0}.Release|Any CPU.ActiveCfg = Release|Any CPU
		{2B9944EB-06A9-4193-B98F-0FC82888FDE0}.Release|Any CPU.Build.0 = Release|Any CPU
		{2B9944EB-06A9-4193-B98F-0FC82888FDE0}.Release|x64.ActiveCfg = Release|Any CPU
		{2B9944EB-06A9-4193-B98F-0FC82888FDE0}.Release|x64.Build.0 = Release|Any CPU
		{2B9944EB-06A9-4193-B98F-0FC82888FDE0}.Release|x86.ActiveCfg = Release|Any CPU
		{2B9944EB-06A9-4193-B98F-0FC82888FDE0}.Release|x86.Build.0 = Release|Any CPU
		{407410E3-100C-4159-9D82-FBF82B7CDD60}.Debug|Any CPU.ActiveCfg = Debug|Any CPU
		{407410E3-100C-4159-9D82-FBF82B7CDD60}.Debug|Any CPU.Build.0 = Debug|Any CPU
		{407410E3-100C-4159-9D82-FBF82B7CDD60}.Debug|x64.ActiveCfg = Debug|Any CPU
		{407410E3-100C-4159-9D82-FBF82B7CDD60}.Debug|x64.Build.0 = Debug|Any CPU
		{407410E3-100C-4159-9D82-FBF82B7CDD60}.Debug|x86.ActiveCfg = Debug|Any CPU
		{407410E3-100C-4159-9D82-FBF82B7CDD60}.Debug|x86.Build.0 = Debug|Any CPU
		{407410E3-100C-4159-9D82-FBF82B7CDD60}.Release|Any CPU.ActiveCfg = Release|Any CPU
		{407410E3-100C-4159-9D82-FBF82B7CDD60}.Release|Any CPU.Build.0 = Release|Any CPU
		{407410E3-100C-4159-9D82-FBF82B7CDD60}.Release|x64.ActiveCfg = Release|Any CPU
		{407410E3-100C-4159-9D82-FBF82B7CDD60}.Release|x64.Build.0 = Release|Any CPU
		{407410E3-100C-4159-9D82-FBF82B7CDD60}.Release|x86.ActiveCfg = Release|Any CPU
		{407410E3-100C-4159-9D82-FBF82B7CDD60}.Release|x86.Build.0 = Release|Any CPU
		{5FC95A40-847D-4C0E-8DD6-D47CF194F538}.Debug|Any CPU.ActiveCfg = Debug|Any CPU
		{5FC95A40-847D-4C0E-8DD6-D47CF194F538}.Debug|Any CPU.Build.0 = Debug|Any CPU
		{5FC95A40-847D-4C0E-8DD6-D47CF194F538}.Debug|x64.ActiveCfg = Debug|Any CPU
		{5FC95A40-847D-4C0E-8DD6-D47CF194F538}.Debug|x64.Build.0 = Debug|Any CPU
		{5FC95A40-847D-4C0E-8DD6-D47CF194F538}.Debug|x86.ActiveCfg = Debug|Any CPU
		{5FC95A40-847D-4C0E-8DD6-D47CF194F538}.Debug|x86.Build.0 = Debug|Any CPU
		{5FC95A40-847D-4C0E-8DD6-D47CF194F538}.Release|Any CPU.ActiveCfg = Release|Any CPU
		{5FC95A40-847D-4C0E-8DD6-D47CF194F538}.Release|Any CPU.Build.0 = Release|Any CPU
		{5FC95A40-847D-4C0E-8DD6-D47CF194F538}.Release|x64.ActiveCfg = Release|Any CPU
		{5FC95A40-847D-4C0E-8DD6-D47CF194F538}.Release|x64.Build.0 = Release|Any CPU
		{5FC95A40-847D-4C0E-8DD6-D47CF194F538}.Release|x86.ActiveCfg = Release|Any CPU
		{5FC95A40-847D-4C0E-8DD6-D47CF194F538}.Release|x86.Build.0 = Release|Any CPU
		{C1BD0AFD-9150-4CCC-BB5A-D570D19BE4A7}.Debug|Any CPU.ActiveCfg = Debug|Any CPU
		{C1BD0AFD-9150-4CCC-BB5A-D570D19BE4A7}.Debug|Any CPU.Build.0 = Debug|Any CPU
		{C1BD0AFD-9150-4CCC-BB5A-D570D19BE4A7}.Debug|x64.ActiveCfg = Debug|Any CPU
		{C1BD0AFD-9150-4CCC-BB5A-D570D19BE4A7}.Debug|x64.Build.0 = Debug|Any CPU
		{C1BD0AFD-9150-4CCC-BB5A-D570D19BE4A7}.Debug|x86.ActiveCfg = Debug|Any CPU
		{C1BD0AFD-9150-4CCC-BB5A-D570D19BE4A7}.Debug|x86.Build.0 = Debug|Any CPU
		{C1BD0AFD-9150-4CCC-BB5A-D570D19BE4A7}.Release|Any CPU.ActiveCfg = Release|Any CPU
		{C1BD0AFD-9150-4CCC-BB5A-D570D19BE4A7}.Release|Any CPU.Build.0 = Release|Any CPU
		{C1BD0AFD-9150-4CCC-BB5A-D570D19BE4A7}.Release|x64.ActiveCfg = Release|Any CPU
		{C1BD0AFD-9150-4CCC-BB5A-D570D19BE4A7}.Release|x64.Build.0 = Release|Any CPU
		{C1BD0AFD-9150-4CCC-BB5A-D570D19BE4A7}.Release|x86.ActiveCfg = Release|Any CPU
		{C1BD0AFD-9150-4CCC-BB5A-D570D19BE4A7}.Release|x86.Build.0 = Release|Any CPU
	EndGlobalSection
	GlobalSection(SolutionProperties) = preSolution
		HideSolutionNode = FALSE
	EndGlobalSection
	GlobalSection(NestedProjects) = preSolution
		{C84AF916-312D-415B-BF11-FACB7C39ABE6} = {E4F04B7C-275A-4145-B0B0-5D48BB1A17FF}
		{765A6C19-2B0D-49D9-B47D-6D4A91B38A38} = {D6CDA255-84DD-44E0-BBE6-913D7130FCDD}
		{2ED8318D-A396-4928-8A08-9C25E5F90261} = {D6CDA255-84DD-44E0-BBE6-913D7130FCDD}
		{BCC0C206-5AA4-4E5B-8348-36A6BBB7DD2C} = {D6CDA255-84DD-44E0-BBE6-913D7130FCDD}
		{7FC8DD41-AEAB-42FD-A18E-991B9DA20D8A} = {8368082C-2321-4AE8-9171-8B7A2F71AB76}
		{B9ACC3E7-449F-48DB-8534-A8816CAEE175} = {D6CDA255-84DD-44E0-BBE6-913D7130FCDD}
		{107E62F1-1E69-4984-8511-5834298D51B2} = {C4972E01-EC0C-4768-BEAF-1D0BB87D0827}
		{AA117667-DE8D-45A8-9FF9-69C3BE6C5DE0} = {67E1C1D3-9F74-4A9D-A073-EE418D91C870}
		{35ECC7E3-499B-40E9-B421-75819963FFF0} = {67E1C1D3-9F74-4A9D-A073-EE418D91C870}
		{60D78C51-012B-419E-A5AB-910ACCAAA4D7} = {2479D59A-1048-4789-BE65-7AD5DB260CCD}
		{62CCF232-ADE1-47F6-8D9F-BFC23761C9AF} = {A208BB8F-40FE-4725-88B5-BBEB37A10C35}
		{EFF9A993-D0F7-4E92-A73F-A79EF5CF0D24} = {A208BB8F-40FE-4725-88B5-BBEB37A10C35}
		{2B9944EB-06A9-4193-B98F-0FC82888FDE0} = {0B904AEB-390C-41DA-8736-A93484E7F094}
		{407410E3-100C-4159-9D82-FBF82B7CDD60} = {0B904AEB-390C-41DA-8736-A93484E7F094}
		{5FC95A40-847D-4C0E-8DD6-D47CF194F538} = {795E8A95-B039-4CC5-A9DC-0E41A6E84DA0}
		{C1BD0AFD-9150-4CCC-BB5A-D570D19BE4A7} = {4A6E42E6-0D9F-443C-B02A-48CC15A7B8AC}
	EndGlobalSection
	GlobalSection(ExtensibilityGlobals) = postSolution
		SolutionGuid = {89391534-02FE-4732-9388-890160924BF3}
	EndGlobalSection
EndGlobal
